
Microsoft Visual Studio Solution File, Format Version 12.00
# Visual Studio Version 17
VisualStudioVersion = 17.5.33103.201
MinimumVisualStudioVersion = 10.0.40219.1
Project("{FAE04EC0-301F-11D3-BF4B-00C04F79EFBC}") = "IdkSomeCringe", "IdkSomeCringe\IdkSomeCringe.csproj", "{7A844181-8260-4C34-BD11-3579FF32B440}"
EndProject
Global
	GlobalSection(SolutionConfigurationPlatforms) = preSolution
		Debug|Any CPU = Debug|Any CPU
		Release|Any CPU = Release|Any CPU
	EndGlobalSection
	GlobalSection(ProjectConfigurationPlatforms) = postSolution
		{7A844181-8260-4C34-BD11-3579FF32B440}.Debug|Any CPU.ActiveCfg = Debug|Any CPU
		{7A844181-8260-4C34-BD11-3579FF32B440}.Debug|Any CPU.Build.0 = Debug|Any CPU
		{7A844181-8260-4C34-BD11-3579FF32B440}.Release|Any CPU.ActiveCfg = Release|Any CPU
		{7A844181-8260-4C34-BD11-3579FF32B440}.Release|Any CPU.Build.0 = Release|Any CPU
	EndGlobalSection
	GlobalSection(SolutionProperties) = preSolution
		HideSolutionNode = FALSE
	EndGlobalSection
	GlobalSection(ExtensibilityGlobals) = postSolution
		SolutionGuid = {5DD1F5A5-8AD9-4A0F-B6D5-AE604F178C17}
	EndGlobalSection
EndGlobal
